// !$*UTF8*$!
{
	archiveVersion = 1;
	classes = {
	};
	objectVersion = 50;
	objects = {

/* Begin PBXBuildFile section */
		3F5C569ADAA7C12C20552023 /* Pods_ScannerApp.framework in Frameworks */ = {isa = PBXBuildFile; fileRef = 252F15B9C2B6B3E4928B3991 /* Pods_ScannerApp.framework */; };
		DD271031222AAB9E00F240F7 /* AppDelegate.swift in Sources */ = {isa = PBXBuildFile; fileRef = DD271030222AAB9E00F240F7 /* AppDelegate.swift */; };
		DD271033222AAB9E00F240F7 /* ViewController.swift in Sources */ = {isa = PBXBuildFile; fileRef = DD271032222AAB9E00F240F7 /* ViewController.swift */; };
		DD271038222AAB9F00F240F7 /* Assets.xcassets in Resources */ = {isa = PBXBuildFile; fileRef = DD271037222AAB9F00F240F7 /* Assets.xcassets */; };
		DD27103B222AAB9F00F240F7 /* LaunchScreen.storyboard in Resources */ = {isa = PBXBuildFile; fileRef = DD271039222AAB9F00F240F7 /* LaunchScreen.storyboard */; };
		DD43B6AF222AB55100CF6682 /* Scanner2ViewController.swift in Sources */ = {isa = PBXBuildFile; fileRef = DD43B6AE222AB55100CF6682 /* Scanner2ViewController.swift */; };
/* End PBXBuildFile section */

/* Begin PBXFileReference section */
		252F15B9C2B6B3E4928B3991 /* Pods_ScannerApp.framework */ = {isa = PBXFileReference; explicitFileType = wrapper.framework; includeInIndex = 0; path = Pods_ScannerApp.framework; sourceTree = BUILT_PRODUCTS_DIR; };
		26F09D3408B80791C72E09D8 /* Pods-ScannerApp.debug.xcconfig */ = {isa = PBXFileReference; includeInIndex = 1; lastKnownFileType = text.xcconfig; name = "Pods-ScannerApp.debug.xcconfig"; path = "Pods/Target Support Files/Pods-ScannerApp/Pods-ScannerApp.debug.xcconfig"; sourceTree = "<group>"; };
		9455EDFB3805D531DF79EDFC /* Pods-ScannerApp.release.xcconfig */ = {isa = PBXFileReference; includeInIndex = 1; lastKnownFileType = text.xcconfig; name = "Pods-ScannerApp.release.xcconfig"; path = "Pods/Target Support Files/Pods-ScannerApp/Pods-ScannerApp.release.xcconfig"; sourceTree = "<group>"; };
		DD27102D222AAB9E00F240F7 /* ScannerApp.app */ = {isa = PBXFileReference; explicitFileType = wrapper.application; includeInIndex = 0; path = ScannerApp.app; sourceTree = BUILT_PRODUCTS_DIR; };
		DD271030222AAB9E00F240F7 /* AppDelegate.swift */ = {isa = PBXFileReference; lastKnownFileType = sourcecode.swift; path = AppDelegate.swift; sourceTree = "<group>"; };
		DD271032222AAB9E00F240F7 /* ViewController.swift */ = {isa = PBXFileReference; lastKnownFileType = sourcecode.swift; path = ViewController.swift; sourceTree = "<group>"; };
		DD271037222AAB9F00F240F7 /* Assets.xcassets */ = {isa = PBXFileReference; lastKnownFileType = folder.assetcatalog; path = Assets.xcassets; sourceTree = "<group>"; };
		DD27103A222AAB9F00F240F7 /* Base */ = {isa = PBXFileReference; lastKnownFileType = file.storyboard; name = Base; path = Base.lproj/LaunchScreen.storyboard; sourceTree = "<group>"; };
		DD27103C222AAB9F00F240F7 /* Info.plist */ = {isa = PBXFileReference; lastKnownFileType = text.plist.xml; path = Info.plist; sourceTree = "<group>"; };
		DD43B6AE222AB55100CF6682 /* Scanner2ViewController.swift */ = {isa = PBXFileReference; lastKnownFileType = sourcecode.swift; path = Scanner2ViewController.swift; sourceTree = "<group>"; };
/* End PBXFileReference section */

/* Begin PBXFrameworksBuildPhase section */
		DD27102A222AAB9E00F240F7 /* Frameworks */ = {
			isa = PBXFrameworksBuildPhase;
			buildActionMask = 2147483647;
			files = (
				3F5C569ADAA7C12C20552023 /* Pods_ScannerApp.framework in Frameworks */,
			);
			runOnlyForDeploymentPostprocessing = 0;
		};
/* End PBXFrameworksBuildPhase section */

/* Begin PBXGroup section */
		648C11CCF1F48DC14820D869 /* Pods */ = {
			isa = PBXGroup;
			children = (
				26F09D3408B80791C72E09D8 /* Pods-ScannerApp.debug.xcconfig */,
				9455EDFB3805D531DF79EDFC /* Pods-ScannerApp.release.xcconfig */,
			);
			name = Pods;
			sourceTree = "<group>";
		};
		8F2E7FADBA8AA0DB03A5C7F9 /* Frameworks */ = {
			isa = PBXGroup;
			children = (
				252F15B9C2B6B3E4928B3991 /* Pods_ScannerApp.framework */,
			);
			name = Frameworks;
			sourceTree = "<group>";
		};
		DD271024222AAB9E00F240F7 = {
			isa = PBXGroup;
			children = (
				DD27102F222AAB9E00F240F7 /* ScannerApp */,
				DD27102E222AAB9E00F240F7 /* Products */,
				648C11CCF1F48DC14820D869 /* Pods */,
				8F2E7FADBA8AA0DB03A5C7F9 /* Frameworks */,
			);
			sourceTree = "<group>";
		};
		DD27102E222AAB9E00F240F7 /* Products */ = {
			isa = PBXGroup;
			children = (
				DD27102D222AAB9E00F240F7 /* ScannerApp.app */,
			);
			name = Products;
			sourceTree = "<group>";
		};
		DD27102F222AAB9E00F240F7 /* ScannerApp */ = {
			isa = PBXGroup;
			children = (
				DD271030222AAB9E00F240F7 /* AppDelegate.swift */,
				DD271032222AAB9E00F240F7 /* ViewController.swift */,
				DD271037222AAB9F00F240F7 /* Assets.xcassets */,
				DD271039222AAB9F00F240F7 /* LaunchScreen.storyboard */,
				DD27103C222AAB9F00F240F7 /* Info.plist */,
				DD43B6AE222AB55100CF6682 /* Scanner2ViewController.swift */,
			);
			path = ScannerApp;
			sourceTree = "<group>";
		};
/* End PBXGroup section */

/* Begin PBXNativeTarget section */
		DD27102C222AAB9E00F240F7 /* ScannerApp */ = {
			isa = PBXNativeTarget;
			buildConfigurationList = DD27103F222AAB9F00F240F7 /* Build configuration list for PBXNativeTarget "ScannerApp" */;
			buildPhases = (
				598BB297535381182E0F2679 /* [CP] Check Pods Manifest.lock */,
				DD271029222AAB9E00F240F7 /* Sources */,
				DD27102A222AAB9E00F240F7 /* Frameworks */,
				DD27102B222AAB9E00F240F7 /* Resources */,
				F9CF74B1B473115CDA18F1B0 /* [CP] Embed Pods Frameworks */,
			);
			buildRules = (
			);
			dependencies = (
			);
			name = ScannerApp;
			productName = ScannerApp;
			productReference = DD27102D222AAB9E00F240F7 /* ScannerApp.app */;
			productType = "com.apple.product-type.application";
		};
/* End PBXNativeTarget section */

/* Begin PBXProject section */
		DD271025222AAB9E00F240F7 /* Project object */ = {
			isa = PBXProject;
			attributes = {
				LastSwiftUpdateCheck = 1010;
				LastUpgradeCheck = 1010;
				ORGANIZATIONNAME = BEANT;
				TargetAttributes = {
					DD27102C222AAB9E00F240F7 = {
						CreatedOnToolsVersion = 10.1;
					};
				};
			};
			buildConfigurationList = DD271028222AAB9E00F240F7 /* Build configuration list for PBXProject "ScannerApp" */;
			compatibilityVersion = "Xcode 9.3";
			developmentRegion = en;
			hasScannedForEncodings = 0;
			knownRegions = (
				en,
				Base,
			);
			mainGroup = DD271024222AAB9E00F240F7;
			productRefGroup = DD27102E222AAB9E00F240F7 /* Products */;
			projectDirPath = "";
			projectRoot = "";
			targets = (
				DD27102C222AAB9E00F240F7 /* ScannerApp */,
			);
		};
/* End PBXProject section */

/* Begin PBXResourcesBuildPhase section */
		DD27102B222AAB9E00F240F7 /* Resources */ = {
			isa = PBXResourcesBuildPhase;
			buildActionMask = 2147483647;
			files = (
				DD27103B222AAB9F00F240F7 /* LaunchScreen.storyboard in Resources */,
				DD271038222AAB9F00F240F7 /* Assets.xcassets in Resources */,
			);
			runOnlyForDeploymentPostprocessing = 0;
		};
/* End PBXResourcesBuildPhase section */

/* Begin PBXShellScriptBuildPhase section */
		598BB297535381182E0F2679 /* [CP] Check Pods Manifest.lock */ = {
			isa = PBXShellScriptBuildPhase;
			buildActionMask = 2147483647;
			files = (
			);
			inputPaths = (
				"${PODS_PODFILE_DIR_PATH}/Podfile.lock",
				"${PODS_ROOT}/Manifest.lock",
			);
			name = "[CP] Check Pods Manifest.lock";
			outputPaths = (
				"$(DERIVED_FILE_DIR)/Pods-ScannerApp-checkManifestLockResult.txt",
			);
			runOnlyForDeploymentPostprocessing = 0;
			shellPath = /bin/sh;
			shellScript = "diff \"${PODS_PODFILE_DIR_PATH}/Podfile.lock\" \"${PODS_ROOT}/Manifest.lock\" > /dev/null\nif [ $? != 0 ] ; then\n    # print error to STDERR\n    echo \"error: The sandbox is not in sync with the Podfile.lock. Run 'pod install' or update your CocoaPods installation.\" >&2\n    exit 1\nfi\n# This output is used by Xcode 'outputs' to avoid re-running this script phase.\necho \"SUCCESS\" > \"${SCRIPT_OUTPUT_FILE_0}\"\n";
			showEnvVarsInLog = 0;
		};
		F9CF74B1B473115CDA18F1B0 /* [CP] Embed Pods Frameworks */ = {
			isa = PBXShellScriptBuildPhase;
			buildActionMask = 2147483647;
			files = (
			);
			inputPaths = (
				"${SRCROOT}/Pods/Target Support Files/Pods-ScannerApp/Pods-ScannerApp-frameworks.sh",
				"${BUILT_PRODUCTS_DIR}/TinyConstraints/TinyConstraints.framework",
				"${BUILT_PRODUCTS_DIR}/WeScan/WeScan.framework",
				"${BUILT_PRODUCTS_DIR}/YesWeScan/YesWeScan.framework",
			);
			name = "[CP] Embed Pods Frameworks";
			outputPaths = (
				"${TARGET_BUILD_DIR}/${FRAMEWORKS_FOLDER_PATH}/TinyConstraints.framework",
				"${TARGET_BUILD_DIR}/${FRAMEWORKS_FOLDER_PATH}/WeScan.framework",
				"${TARGET_BUILD_DIR}/${FRAMEWORKS_FOLDER_PATH}/YesWeScan.framework",
			);
			runOnlyForDeploymentPostprocessing = 0;
			shellPath = /bin/sh;
			shellScript = "\"${SRCROOT}/Pods/Target Support Files/Pods-ScannerApp/Pods-ScannerApp-frameworks.sh\"\n";
			showEnvVarsInLog = 0;
		};
/* End PBXShellScriptBuildPhase section */

/* Begin PBXSourcesBuildPhase section */
		DD271029222AAB9E00F240F7 /* Sources */ = {
			isa = PBXSourcesBuildPhase;
			buildActionMask = 2147483647;
			files = (
				DD271033222AAB9E00F240F7 /* ViewController.swift in Sources */,
				DD43B6AF222AB55100CF6682 /* Scanner2ViewController.swift in Sources */,
				DD271031222AAB9E00F240F7 /* AppDelegate.swift in Sources */,
			);
			runOnlyForDeploymentPostprocessing = 0;
		};
/* End PBXSourcesBuildPhase section */

/* Begin PBXVariantGroup section */
		DD271039222AAB9F00F240F7 /* LaunchScreen.storyboard */ = {
			isa = PBXVariantGroup;
			children = (
				DD27103A222AAB9F00F240F7 /* Base */,
			);
			name = LaunchScreen.storyboard;
			sourceTree = "<group>";
		};
/* End PBXVariantGroup section */

/* Begin XCBuildConfiguration section */
		DD27103D222AAB9F00F240F7 /* Debug */ = {
			isa = XCBuildConfiguration;
			buildSettings = {
				ALWAYS_SEARCH_USER_PATHS = NO;
				CLANG_ANALYZER_NONNULL = YES;
				CLANG_ANALYZER_NUMBER_OBJECT_CONVERSION = YES_AGGRESSIVE;
				CLANG_CXX_LANGUAGE_STANDARD = "gnu++14";
				CLANG_CXX_LIBRARY = "libc++";
				CLANG_ENABLE_MODULES = YES;
				CLANG_ENABLE_OBJC_ARC = YES;
				CLANG_ENABLE_OBJC_WEAK = YES;
				CLANG_WARN_BLOCK_CAPTURE_AUTORELEASING = YES;
				CLANG_WARN_BOOL_CONVERSION = YES;
				CLANG_WARN_COMMA = YES;
				CLANG_WARN_CONSTANT_CONVERSION = YES;
				CLANG_WARN_DEPRECATED_OBJC_IMPLEMENTATIONS = YES;
				CLANG_WARN_DIRECT_OBJC_ISA_USAGE = YES_ERROR;
				CLANG_WARN_DOCUMENTATION_COMMENTS = YES;
				CLANG_WARN_EMPTY_BODY = YES;
				CLANG_WARN_ENUM_CONVERSION = YES;
				CLANG_WARN_INFINITE_RECURSION = YES;
				CLANG_WARN_INT_CONVERSION = YES;
				CLANG_WARN_NON_LITERAL_NULL_CONVERSION = YES;
				CLANG_WARN_OBJC_IMPLICIT_RETAIN_SELF = YES;
				CLANG_WARN_OBJC_LITERAL_CONVERSION = YES;
				CLANG_WARN_OBJC_ROOT_CLASS = YES_ERROR;
				CLANG_WARN_RANGE_LOOP_ANALYSIS = YES;
				CLANG_WARN_STRICT_PROTOTYPES = YES;
				CLANG_WARN_SUSPICIOUS_MOVE = YES;
				CLANG_WARN_UNGUARDED_AVAILABILITY = YES_AGGRESSIVE;
				CLANG_WARN_UNREACHABLE_CODE = YES;
				CLANG_WARN__DUPLICATE_METHOD_MATCH = YES;
				CODE_SIGN_IDENTITY = "iPhone Developer";
				COPY_PHASE_STRIP = NO;
				DEBUG_INFORMATION_FORMAT = dwarf;
				ENABLE_STRICT_OBJC_MSGSEND = YES;
				ENABLE_TESTABILITY = YES;
				GCC_C_LANGUAGE_STANDARD = gnu11;
				GCC_DYNAMIC_NO_PIC = NO;
				GCC_NO_COMMON_BLOCKS = YES;
				GCC_OPTIMIZATION_LEVEL = 0;
				GCC_PREPROCESSOR_DEFINITIONS = (
					"DEBUG=1",
					"$(inherited)",
				);
				GCC_WARN_64_TO_32_BIT_CONVERSION = YES;
				GCC_WARN_ABOUT_RETURN_TYPE = YES_ERROR;
				GCC_WARN_UNDECLARED_SELECTOR = YES;
				GCC_WARN_UNINITIALIZED_AUTOS = YES_AGGRESSIVE;
				GCC_WARN_UNUSED_FUNCTION = YES;
				GCC_WARN_UNUSED_VARIABLE = YES;
				IPHONEOS_DEPLOYMENT_TARGET = 12.1;
				MTL_ENABLE_DEBUG_INFO = INCLUDE_SOURCE;
				MTL_FAST_MATH = YES;
				ONLY_ACTIVE_ARCH = YES;
				SDKROOT = iphoneos;
				SWIFT_ACTIVE_COMPILATION_CONDITIONS = DEBUG;
				SWIFT_OPTIMIZATION_LEVEL = "-Onone";
			};
			name = Debug;
		};
		DD27103E222AAB9F00F240F7 /* Release */ = {
			isa = XCBuildConfiguration;
			buildSettings = {
				ALWAYS_SEARCH_USER_PATHS = NO;
				CLANG_ANALYZER_NONNULL = YES;
				CLANG_ANALYZER_NUMBER_OBJECT_CONVERSION = YES_AGGRESSIVE;
				CLANG_CXX_LANGUAGE_STANDARD = "gnu++14";
				CLANG_CXX_LIBRARY = "libc++";
				CLANG_ENABLE_MODULES = YES;
				CLANG_ENABLE_OBJC_ARC = YES;
				CLANG_ENABLE_OBJC_WEAK = YES;
				CLANG_WARN_BLOCK_CAPTURE_AUTORELEASING = YES;
				CLANG_WARN_BOOL_CONVERSION = YES;
				CLANG_WARN_COMMA = YES;
				CLANG_WARN_CONSTANT_CONVERSION = YES;
				CLANG_WARN_DEPRECATED_OBJC_IMPLEMENTATIONS = YES;
				CLANG_WARN_DIRECT_OBJC_ISA_USAGE = YES_ERROR;
				CLANG_WARN_DOCUMENTATION_COMMENTS = YES;
				CLANG_WARN_EMPTY_BODY = YES;
				CLANG_WARN_ENUM_CONVERSION = YES;
				CLANG_WARN_INFINITE_RECURSION = YES;
				CLANG_WARN_INT_CONVERSION = YES;
				CLANG_WARN_NON_LITERAL_NULL_CONVERSION = YES;
				CLANG_WARN_OBJC_IMPLICIT_RETAIN_SELF = YES;
				CLANG_WARN_OBJC_LITERAL_CONVERSION = YES;
				CLANG_WARN_OBJC_ROOT_CLASS = YES_ERROR;
				CLANG_WARN_RANGE_LOOP_ANALYSIS = YES;
				CLANG_WARN_STRICT_PROTOTYPES = YES;
				CLANG_WARN_SUSPICIOUS_MOVE = YES;
				CLANG_WARN_UNGUARDED_AVAILABILITY = YES_AGGRESSIVE;
				CLANG_WARN_UNREACHABLE_CODE = YES;
				CLANG_WARN__DUPLICATE_METHOD_MATCH = YES;
				CODE_SIGN_IDENTITY = "iPhone Developer";
				COPY_PHASE_STRIP = NO;
				DEBUG_INFORMATION_FORMAT = "dwarf-with-dsym";
				ENABLE_NS_ASSERTIONS = NO;
				ENABLE_STRICT_OBJC_MSGSEND = YES;
				GCC_C_LANGUAGE_STANDARD = gnu11;
				GCC_NO_COMMON_BLOCKS = YES;
				GCC_WARN_64_TO_32_BIT_CONVERSION = YES;
				GCC_WARN_ABOUT_RETURN_TYPE = YES_ERROR;
				GCC_WARN_UNDECLARED_SELECTOR = YES;
				GCC_WARN_UNINITIALIZED_AUTOS = YES_AGGRESSIVE;
				GCC_WARN_UNUSED_FUNCTION = YES;
				GCC_WARN_UNUSED_VARIABLE = YES;
				IPHONEOS_DEPLOYMENT_TARGET = 12.1;
				MTL_ENABLE_DEBUG_INFO = NO;
				MTL_FAST_MATH = YES;
				SDKROOT = iphoneos;
				SWIFT_COMPILATION_MODE = wholemodule;
				SWIFT_OPTIMIZATION_LEVEL = "-O";
				VALIDATE_PRODUCT = YES;
			};
			name = Release;
		};
		DD271040222AAB9F00F240F7 /* Debug */ = {
			isa = XCBuildConfiguration;
			baseConfigurationReference = 26F09D3408B80791C72E09D8 /* Pods-ScannerApp.debug.xcconfig */;
			buildSettings = {
				ASSETCATALOG_COMPILER_APPICON_NAME = AppIcon;
				CODE_SIGN_STYLE = Automatic;
				DEVELOPMENT_TEAM = PYFJPHMP24;
				INFOPLIST_FILE = ScannerApp/Info.plist;
				LD_RUNPATH_SEARCH_PATHS = (
					"$(inherited)",
					"@executable_path/Frameworks",
				);
				PRODUCT_BUNDLE_IDENTIFIER = com.jonas.ScannerApp;
				PRODUCT_NAME = "$(TARGET_NAME)";
				SWIFT_VERSION = 4.2;
				TARGETED_DEVICE_FAMILY = "1,2";
			};
			name = Debug;
		};
		DD271041222AAB9F00F240F7 /* Release */ = {
			isa = XCBuildConfiguration;
			baseConfigurationReference = 9455EDFB3805D531DF79EDFC /* Pods-ScannerApp.release.xcconfig */;
			buildSettings = {
				ASSETCATALOG_COMPILER_APPICON_NAME = AppIcon;
				CODE_SIGN_STYLE = Automatic;
				DEVELOPMENT_TEAM = PYFJPHMP24;
				INFOPLIST_FILE = ScannerApp/Info.plist;
				LD_RUNPATH_SEARCH_PATHS = (
					"$(inherited)",
					"@executable_path/Frameworks",
				);
				PRODUCT_BUNDLE_IDENTIFIER = com.jonas.ScannerApp;
				PRODUCT_NAME = "$(TARGET_NAME)";
				SWIFT_VERSION = 4.2;
				TARGETED_DEVICE_FAMILY = "1,2";
			};
			name = Release;
		};
/* End XCBuildConfiguration section */

/* Begin XCConfigurationList section */
		DD271028222AAB9E00F240F7 /* Build configuration list for PBXProject "ScannerApp" */ = {
			isa = XCConfigurationList;
			buildConfigurations = (
				DD27103D222AAB9F00F240F7 /* Debug */,
				DD27103E222AAB9F00F240F7 /* Release */,
			);
			defaultConfigurationIsVisible = 0;
			defaultConfigurationName = Release;
		};
		DD27103F222AAB9F00F240F7 /* Build configuration list for PBXNativeTarget "ScannerApp" */ = {
			isa = XCConfigurationList;
			buildConfigurations = (
				DD271040222AAB9F00F240F7 /* Debug */,
				DD271041222AAB9F00F240F7 /* Release */,
			);
			defaultConfigurationIsVisible = 0;
			defaultConfigurationName = Release;
		};
/* End XCConfigurationList section */
	};
	rootObject = DD271025222AAB9E00F240F7 /* Project object */;
}
